
Microsoft Visual Studio Solution File, Format Version 12.00
# Visual Studio Version 17
VisualStudioVersion = 17.3.32901.215
MinimumVisualStudioVersion = 10.0.40219.1
Project("{9A19103F-16F7-4668-BE54-9A1E7A4F7556}") = "7.1.4", "7.1.4\7.1.4.csproj", "{B22A50E1-B107-4E42-A463-9C8BD3C9A747}"
EndProject
Project("{9A19103F-16F7-4668-BE54-9A1E7A4F7556}") = "7.1.5", "7.1.5\7.1.5.csproj", "{8596DD7E-1179-45C5-A712-F978AE0767E2}"
EndProject
Project("{9A19103F-16F7-4668-BE54-9A1E7A4F7556}") = "7.1.6", "7.1.6\7.1.6.csproj", "{0FF028A1-B5FB-49A2-93F9-2FAC9DE14EEF}"
EndProject
Project("{9A19103F-16F7-4668-BE54-9A1E7A4F7556}") = "7.1.7", "7.1.7\7.1.7.csproj", "{F0D88830-B9FB-4DC0-BC68-41C11F2FB488}"
EndProject
Project("{9A19103F-16F7-4668-BE54-9A1E7A4F7556}") = "7.1.10", "7.1.10\7.1.10.csproj", "{1AD2E64A-7578-4707-BD83-134FFCE2BAA4}"
EndProject
Project("{9A19103F-16F7-4668-BE54-9A1E7A4F7556}") = "7.2.3", "7.2.3\7.2.3.csproj", "{03B0DEFB-AFE9-49D1-9843-169FD674C297}"
EndProject
Project("{9A19103F-16F7-4668-BE54-9A1E7A4F7556}") = "7.2.4", "7.2.4\7.2.4.csproj", "{3BAF4C86-59FA-4238-8415-4645BEDD0A8E}"
EndProject
Project("{9A19103F-16F7-4668-BE54-9A1E7A4F7556}") = "7.2.5", "7.2.5\7.2.5.csproj", "{A73065D5-54DB-49BE-BEA4-F63F1690607A}"
EndProject
Project("{9A19103F-16F7-4668-BE54-9A1E7A4F7556}") = "7.2.7", "7.2.7\7.2.7.csproj", "{968ED315-AB17-4DD4-B06C-00535861C307}"
EndProject
Project("{9A19103F-16F7-4668-BE54-9A1E7A4F7556}") = "7.2.8", "7.2.8\7.2.8.csproj", "{04BCD4D9-2ED4-477C-A789-B3BA597270BE}"
EndProject
Project("{9A19103F-16F7-4668-BE54-9A1E7A4F7556}") = "7.2.12", "7.2.12\7.2.12.csproj", "{DCA71A8B-D2ED-4C20-BCA4-0C24D63C09D8}"
EndProject
Project("{9A19103F-16F7-4668-BE54-9A1E7A4F7556}") = "7.2.14", "7.2.14\7.2.14.csproj", "{783C9557-D61D-4424-840F-B5E0C8335962}"
EndProject
Project("{9A19103F-16F7-4668-BE54-9A1E7A4F7556}") = "7.3.3", "7.3.3\7.3.3.csproj", "{4A71295D-DB6C-471C-A9E4-9ACAE53E701A}"
EndProject
Project("{FAE04EC0-301F-11D3-BF4B-00C04F79EFBC}") = "7.5.5", "7.5.5\7.5.5.csproj", "{DEAAADB0-4CD6-4DB2-92F1-B15F00D89F2E}"
EndProject
Project("{FAE04EC0-301F-11D3-BF4B-00C04F79EFBC}") = "7.5.9", "7.5.9\7.5.9.csproj", "{03DF91F6-3050-4B29-8A98-8FCD9AE92B58}"
EndProject
Global
	GlobalSection(SolutionConfigurationPlatforms) = preSolution
		Debug|Any CPU = Debug|Any CPU
		Release|Any CPU = Release|Any CPU
	EndGlobalSection
	GlobalSection(ProjectConfigurationPlatforms) = postSolution
		{B22A50E1-B107-4E42-A463-9C8BD3C9A747}.Debug|Any CPU.ActiveCfg = Debug|Any CPU
		{B22A50E1-B107-4E42-A463-9C8BD3C9A747}.Debug|Any CPU.Build.0 = Debug|Any CPU
		{B22A50E1-B107-4E42-A463-9C8BD3C9A747}.Release|Any CPU.ActiveCfg = Release|Any CPU
		{B22A50E1-B107-4E42-A463-9C8BD3C9A747}.Release|Any CPU.Build.0 = Release|Any CPU
		{8596DD7E-1179-45C5-A712-F978AE0767E2}.Debug|Any CPU.ActiveCfg = Debug|Any CPU
		{8596DD7E-1179-45C5-A712-F978AE0767E2}.Debug|Any CPU.Build.0 = Debug|Any CPU
		{8596DD7E-1179-45C5-A712-F978AE0767E2}.Release|Any CPU.ActiveCfg = Release|Any CPU
		{8596DD7E-1179-45C5-A712-F978AE0767E2}.Release|Any CPU.Build.0 = Release|Any CPU
		{0FF028A1-B5FB-49A2-93F9-2FAC9DE14EEF}.Debug|Any CPU.ActiveCfg = Debug|Any CPU
		{0FF028A1-B5FB-49A2-93F9-2FAC9DE14EEF}.Debug|Any CPU.Build.0 = Debug|Any CPU
		{0FF028A1-B5FB-49A2-93F9-2FAC9DE14EEF}.Release|Any CPU.ActiveCfg = Release|Any CPU
		{0FF028A1-B5FB-49A2-93F9-2FAC9DE14EEF}.Release|Any CPU.Build.0 = Release|Any CPU
		{F0D88830-B9FB-4DC0-BC68-41C11F2FB488}.Debug|Any CPU.ActiveCfg = Debug|Any CPU
		{F0D88830-B9FB-4DC0-BC68-41C11F2FB488}.Debug|Any CPU.Build.0 = Debug|Any CPU
		{F0D88830-B9FB-4DC0-BC68-41C11F2FB488}.Release|Any CPU.ActiveCfg = Release|Any CPU
		{F0D88830-B9FB-4DC0-BC68-41C11F2FB488}.Release|Any CPU.Build.0 = Release|Any CPU
		{1AD2E64A-7578-4707-BD83-134FFCE2BAA4}.Debug|Any CPU.ActiveCfg = Debug|Any CPU
		{1AD2E64A-7578-4707-BD83-134FFCE2BAA4}.Debug|Any CPU.Build.0 = Debug|Any CPU
		{1AD2E64A-7578-4707-BD83-134FFCE2BAA4}.Release|Any CPU.ActiveCfg = Release|Any CPU
		{1AD2E64A-7578-4707-BD83-134FFCE2BAA4}.Release|Any CPU.Build.0 = Release|Any CPU
		{03B0DEFB-AFE9-49D1-9843-169FD674C297}.Debug|Any CPU.ActiveCfg = Debug|Any CPU
		{03B0DEFB-AFE9-49D1-9843-169FD674C297}.Debug|Any CPU.Build.0 = Debug|Any CPU
		{03B0DEFB-AFE9-49D1-9843-169FD674C297}.Release|Any CPU.ActiveCfg = Release|Any CPU
		{03B0DEFB-AFE9-49D1-9843-169FD674C297}.Release|Any CPU.Build.0 = Release|Any CPU
		{3BAF4C86-59FA-4238-8415-4645BEDD0A8E}.Debug|Any CPU.ActiveCfg = Debug|Any CPU
		{3BAF4C86-59FA-4238-8415-4645BEDD0A8E}.Debug|Any CPU.Build.0 = Debug|Any CPU
		{3BAF4C86-59FA-4238-8415-4645BEDD0A8E}.Release|Any CPU.ActiveCfg = Release|Any CPU
		{3BAF4C86-59FA-4238-8415-4645BEDD0A8E}.Release|Any CPU.Build.0 = Release|Any CPU
		{A73065D5-54DB-49BE-BEA4-F63F1690607A}.Debug|Any CPU.ActiveCfg = Debug|Any CPU
		{A73065D5-54DB-49BE-BEA4-F63F1690607A}.Debug|Any CPU.Build.0 = Debug|Any CPU
		{A73065D5-54DB-49BE-BEA4-F63F1690607A}.Release|Any CPU.ActiveCfg = Release|Any CPU
		{A73065D5-54DB-49BE-BEA4-F63F1690607A}.Release|Any CPU.Build.0 = Release|Any CPU
		{968ED315-AB17-4DD4-B06C-00535861C307}.Debug|Any CPU.ActiveCfg = Debug|Any CPU
		{968ED315-AB17-4DD4-B06C-00535861C307}.Debug|Any CPU.Build.0 = Debug|Any CPU
		{968ED315-AB17-4DD4-B06C-00535861C307}.Release|Any CPU.ActiveCfg = Release|Any CPU
		{968ED315-AB17-4DD4-B06C-00535861C307}.Release|Any CPU.Build.0 = Release|Any CPU
		{04BCD4D9-2ED4-477C-A789-B3BA597270BE}.Debug|Any CPU.ActiveCfg = Debug|Any CPU
		{04BCD4D9-2ED4-477C-A789-B3BA597270BE}.Debug|Any CPU.Build.0 = Debug|Any CPU
		{04BCD4D9-2ED4-477C-A789-B3BA597270BE}.Release|Any CPU.ActiveCfg = Release|Any CPU
		{04BCD4D9-2ED4-477C-A789-B3BA597270BE}.Release|Any CPU.Build.0 = Release|Any CPU
		{DCA71A8B-D2ED-4C20-BCA4-0C24D63C09D8}.Debug|Any CPU.ActiveCfg = Debug|Any CPU
		{DCA71A8B-D2ED-4C20-BCA4-0C24D63C09D8}.Debug|Any CPU.Build.0 = Debug|Any CPU
		{DCA71A8B-D2ED-4C20-BCA4-0C24D63C09D8}.Release|Any CPU.ActiveCfg = Release|Any CPU
		{DCA71A8B-D2ED-4C20-BCA4-0C24D63C09D8}.Release|Any CPU.Build.0 = Release|Any CPU
		{783C9557-D61D-4424-840F-B5E0C8335962}.Debug|Any CPU.ActiveCfg = Debug|Any CPU
		{783C9557-D61D-4424-840F-B5E0C8335962}.Debug|Any CPU.Build.0 = Debug|Any CPU
		{783C9557-D61D-4424-840F-B5E0C8335962}.Release|Any CPU.ActiveCfg = Release|Any CPU
		{783C9557-D61D-4424-840F-B5E0C8335962}.Release|Any CPU.Build.0 = Release|Any CPU
		{4A71295D-DB6C-471C-A9E4-9ACAE53E701A}.Debug|Any CPU.ActiveCfg = Debug|Any CPU
		{4A71295D-DB6C-471C-A9E4-9ACAE53E701A}.Debug|Any CPU.Build.0 = Debug|Any CPU
		{4A71295D-DB6C-471C-A9E4-9ACAE53E701A}.Release|Any CPU.ActiveCfg = Release|Any CPU
		{4A71295D-DB6C-471C-A9E4-9ACAE53E701A}.Release|Any CPU.Build.0 = Release|Any CPU
		{DEAAADB0-4CD6-4DB2-92F1-B15F00D89F2E}.Debug|Any CPU.ActiveCfg = Debug|Any CPU
		{DEAAADB0-4CD6-4DB2-92F1-B15F00D89F2E}.Debug|Any CPU.Build.0 = Debug|Any CPU
		{DEAAADB0-4CD6-4DB2-92F1-B15F00D89F2E}.Release|Any CPU.ActiveCfg = Release|Any CPU
		{DEAAADB0-4CD6-4DB2-92F1-B15F00D89F2E}.Release|Any CPU.Build.0 = Release|Any CPU
		{03DF91F6-3050-4B29-8A98-8FCD9AE92B58}.Debug|Any CPU.ActiveCfg = Debug|Any CPU
		{03DF91F6-3050-4B29-8A98-8FCD9AE92B58}.Debug|Any CPU.Build.0 = Debug|Any CPU
		{03DF91F6-3050-4B29-8A98-8FCD9AE92B58}.Release|Any CPU.ActiveCfg = Release|Any CPU
		{03DF91F6-3050-4B29-8A98-8FCD9AE92B58}.Release|Any CPU.Build.0 = Release|Any CPU
	EndGlobalSection
	GlobalSection(SolutionProperties) = preSolution
		HideSolutionNode = FALSE
	EndGlobalSection
	GlobalSection(ExtensibilityGlobals) = postSolution
		SolutionGuid = {6240C79B-F830-4136-A5F5-2676ACB45898}
	EndGlobalSection
EndGlobal
